// !$*UTF8*$!
{
	archiveVersion = 1;
	classes = {
	};
	objectVersion = 55;
	objects = {

/* Begin PBXBuildFile section */
		781550FF7B579D7E9FDF7547 /* Pods_NaverAPI.framework in Frameworks */ = {isa = PBXBuildFile; fileRef = 843AC2427A07E884B2EC8027 /* Pods_NaverAPI.framework */; };
		C864A7F328756FA6002DCBAE /* AppDelegate.swift in Sources */ = {isa = PBXBuildFile; fileRef = C864A7F228756FA6002DCBAE /* AppDelegate.swift */; };
		C864A7F528756FA6002DCBAE /* SceneDelegate.swift in Sources */ = {isa = PBXBuildFile; fileRef = C864A7F428756FA6002DCBAE /* SceneDelegate.swift */; };
		C864A7FD28756FA6002DCBAE /* NaverAPI.xcdatamodeld in Sources */ = {isa = PBXBuildFile; fileRef = C864A7FB28756FA6002DCBAE /* NaverAPI.xcdatamodeld */; };
		C864A7FF28756FA7002DCBAE /* Assets.xcassets in Resources */ = {isa = PBXBuildFile; fileRef = C864A7FE28756FA7002DCBAE /* Assets.xcassets */; };
		C864A80228756FA7002DCBAE /* LaunchScreen.storyboard in Resources */ = {isa = PBXBuildFile; fileRef = C864A80028756FA7002DCBAE /* LaunchScreen.storyboard */; };
		C864A80A2875725C002DCBAE /* SearchViewController.swift in Sources */ = {isa = PBXBuildFile; fileRef = C864A8092875725C002DCBAE /* SearchViewController.swift */; };
		C864A80C28757276002DCBAE /* TableViewController.swift in Sources */ = {isa = PBXBuildFile; fileRef = C864A80B28757276002DCBAE /* TableViewController.swift */; };
		C8C956B32877FCCD004B513D /* Model.swift in Sources */ = {isa = PBXBuildFile; fileRef = C8C956B22877FCCD004B513D /* Model.swift */; };
		C8C956BB2877FE8D004B513D /* MoviesTableViewCell.swift in Sources */ = {isa = PBXBuildFile; fileRef = C8C956BA2877FE8D004B513D /* MoviesTableViewCell.swift */; };
/* End PBXBuildFile section */

/* Begin PBXFileReference section */
		50A13C38A270A61A837C9EE3 /* Pods-NaverAPI.release.xcconfig */ = {isa = PBXFileReference; includeInIndex = 1; lastKnownFileType = text.xcconfig; name = "Pods-NaverAPI.release.xcconfig"; path = "Target Support Files/Pods-NaverAPI/Pods-NaverAPI.release.xcconfig"; sourceTree = "<group>"; };
		843AC2427A07E884B2EC8027 /* Pods_NaverAPI.framework */ = {isa = PBXFileReference; explicitFileType = wrapper.framework; includeInIndex = 0; path = Pods_NaverAPI.framework; sourceTree = BUILT_PRODUCTS_DIR; };
		C824F28744926572C1AA408B /* Pods-NaverAPI.debug.xcconfig */ = {isa = PBXFileReference; includeInIndex = 1; lastKnownFileType = text.xcconfig; name = "Pods-NaverAPI.debug.xcconfig"; path = "Target Support Files/Pods-NaverAPI/Pods-NaverAPI.debug.xcconfig"; sourceTree = "<group>"; };
		C864A7EF28756FA6002DCBAE /* NaverAPI.app */ = {isa = PBXFileReference; explicitFileType = wrapper.application; includeInIndex = 0; path = NaverAPI.app; sourceTree = BUILT_PRODUCTS_DIR; };
		C864A7F228756FA6002DCBAE /* AppDelegate.swift */ = {isa = PBXFileReference; lastKnownFileType = sourcecode.swift; path = AppDelegate.swift; sourceTree = "<group>"; };
		C864A7F428756FA6002DCBAE /* SceneDelegate.swift */ = {isa = PBXFileReference; lastKnownFileType = sourcecode.swift; path = SceneDelegate.swift; sourceTree = "<group>"; };
		C864A7FC28756FA6002DCBAE /* NaverAPI.xcdatamodel */ = {isa = PBXFileReference; lastKnownFileType = wrapper.xcdatamodel; path = NaverAPI.xcdatamodel; sourceTree = "<group>"; };
		C864A7FE28756FA7002DCBAE /* Assets.xcassets */ = {isa = PBXFileReference; lastKnownFileType = folder.assetcatalog; path = Assets.xcassets; sourceTree = "<group>"; };
		C864A80128756FA7002DCBAE /* Base */ = {isa = PBXFileReference; lastKnownFileType = file.storyboard; name = Base; path = Base.lproj/LaunchScreen.storyboard; sourceTree = "<group>"; };
		C864A80328756FA7002DCBAE /* Info.plist */ = {isa = PBXFileReference; lastKnownFileType = text.plist.xml; path = Info.plist; sourceTree = "<group>"; };
		C864A8092875725C002DCBAE /* SearchViewController.swift */ = {isa = PBXFileReference; lastKnownFileType = sourcecode.swift; path = SearchViewController.swift; sourceTree = "<group>"; };
		C864A80B28757276002DCBAE /* TableViewController.swift */ = {isa = PBXFileReference; lastKnownFileType = sourcecode.swift; path = TableViewController.swift; sourceTree = "<group>"; };
		C8C956B22877FCCD004B513D /* Model.swift */ = {isa = PBXFileReference; lastKnownFileType = sourcecode.swift; path = Model.swift; sourceTree = "<group>"; };
		C8C956BA2877FE8D004B513D /* MoviesTableViewCell.swift */ = {isa = PBXFileReference; lastKnownFileType = sourcecode.swift; path = MoviesTableViewCell.swift; sourceTree = "<group>"; };
/* End PBXFileReference section */

/* Begin PBXFrameworksBuildPhase section */
		C864A7EC28756FA6002DCBAE /* Frameworks */ = {
			isa = PBXFrameworksBuildPhase;
			buildActionMask = 2147483647;
			files = (
				781550FF7B579D7E9FDF7547 /* Pods_NaverAPI.framework in Frameworks */,
			);
			runOnlyForDeploymentPostprocessing = 0;
		};
/* End PBXFrameworksBuildPhase section */

/* Begin PBXGroup section */
		2AE573CE806CF1B6C7713452 /* Pods */ = {
			isa = PBXGroup;
			children = (
				C824F28744926572C1AA408B /* Pods-NaverAPI.debug.xcconfig */,
				50A13C38A270A61A837C9EE3 /* Pods-NaverAPI.release.xcconfig */,
			);
			path = Pods;
			sourceTree = "<group>";
		};
		886E0305C129967B1C13007A /* Frameworks */ = {
			isa = PBXGroup;
			children = (
				843AC2427A07E884B2EC8027 /* Pods_NaverAPI.framework */,
			);
			name = Frameworks;
			sourceTree = "<group>";
		};
		C864A7E628756FA6002DCBAE = {
			isa = PBXGroup;
			children = (
				C864A7F128756FA6002DCBAE /* NaverAPI */,
				C864A7F028756FA6002DCBAE /* Products */,
				2AE573CE806CF1B6C7713452 /* Pods */,
				886E0305C129967B1C13007A /* Frameworks */,
			);
			sourceTree = "<group>";
		};
		C864A7F028756FA6002DCBAE /* Products */ = {
			isa = PBXGroup;
			children = (
				C864A7EF28756FA6002DCBAE /* NaverAPI.app */,
			);
			name = Products;
			sourceTree = "<group>";
		};
		C864A7F128756FA6002DCBAE /* NaverAPI */ = {
			isa = PBXGroup;
			children = (
				C864A7F228756FA6002DCBAE /* AppDelegate.swift */,
				C864A7F428756FA6002DCBAE /* SceneDelegate.swift */,
				C864A8092875725C002DCBAE /* SearchViewController.swift */,
				C864A80B28757276002DCBAE /* TableViewController.swift */,
				C8C956BA2877FE8D004B513D /* MoviesTableViewCell.swift */,
				C8C956B22877FCCD004B513D /* Model.swift */,
				C864A7FE28756FA7002DCBAE /* Assets.xcassets */,
				C864A80028756FA7002DCBAE /* LaunchScreen.storyboard */,
				C864A80328756FA7002DCBAE /* Info.plist */,
				C864A7FB28756FA6002DCBAE /* NaverAPI.xcdatamodeld */,
			);
			path = NaverAPI;
			sourceTree = "<group>";
		};
/* End PBXGroup section */

/* Begin PBXNativeTarget section */
		C864A7EE28756FA6002DCBAE /* NaverAPI */ = {
			isa = PBXNativeTarget;
			buildConfigurationList = C864A80628756FA7002DCBAE /* Build configuration list for PBXNativeTarget "NaverAPI" */;
			buildPhases = (
				50122002B360356C68CAF453 /* [CP] Check Pods Manifest.lock */,
				C864A7EB28756FA6002DCBAE /* Sources */,
				C864A7EC28756FA6002DCBAE /* Frameworks */,
				C864A7ED28756FA6002DCBAE /* Resources */,
				C8708CBB28780E280003F378 /* Lint Script */,
			);
			buildRules = (
			);
			dependencies = (
			);
			name = NaverAPI;
			productName = NaverAPI;
			productReference = C864A7EF28756FA6002DCBAE /* NaverAPI.app */;
			productType = "com.apple.product-type.application";
		};
/* End PBXNativeTarget section */

/* Begin PBXProject section */
		C864A7E728756FA6002DCBAE /* Project object */ = {
			isa = PBXProject;
			attributes = {
				BuildIndependentTargetsInParallel = 1;
				LastSwiftUpdateCheck = 1300;
				LastUpgradeCheck = 1300;
				TargetAttributes = {
					C864A7EE28756FA6002DCBAE = {
						CreatedOnToolsVersion = 13.0;
					};
				};
			};
			buildConfigurationList = C864A7EA28756FA6002DCBAE /* Build configuration list for PBXProject "NaverAPI" */;
			compatibilityVersion = "Xcode 13.0";
			developmentRegion = en;
			hasScannedForEncodings = 0;
			knownRegions = (
				en,
				Base,
			);
			mainGroup = C864A7E628756FA6002DCBAE;
			productRefGroup = C864A7F028756FA6002DCBAE /* Products */;
			projectDirPath = "";
			projectRoot = "";
			targets = (
				C864A7EE28756FA6002DCBAE /* NaverAPI */,
			);
		};
/* End PBXProject section */

/* Begin PBXResourcesBuildPhase section */
		C864A7ED28756FA6002DCBAE /* Resources */ = {
			isa = PBXResourcesBuildPhase;
			buildActionMask = 2147483647;
			files = (
				C864A80228756FA7002DCBAE /* LaunchScreen.storyboard in Resources */,
				C864A7FF28756FA7002DCBAE /* Assets.xcassets in Resources */,
			);
			runOnlyForDeploymentPostprocessing = 0;
		};
/* End PBXResourcesBuildPhase section */

/* Begin PBXShellScriptBuildPhase section */
		50122002B360356C68CAF453 /* [CP] Check Pods Manifest.lock */ = {
			isa = PBXShellScriptBuildPhase;
			buildActionMask = 2147483647;
			files = (
			);
			inputFileListPaths = (
			);
			inputPaths = (
				"${PODS_PODFILE_DIR_PATH}/Podfile.lock",
				"${PODS_ROOT}/Manifest.lock",
			);
			name = "[CP] Check Pods Manifest.lock";
			outputFileListPaths = (
			);
			outputPaths = (
				"$(DERIVED_FILE_DIR)/Pods-NaverAPI-checkManifestLockResult.txt",
			);
			runOnlyForDeploymentPostprocessing = 0;
			shellPath = /bin/sh;
			shellScript = "diff \"${PODS_PODFILE_DIR_PATH}/Podfile.lock\" \"${PODS_ROOT}/Manifest.lock\" > /dev/null\nif [ $? != 0 ] ; then\n    # print error to STDERR\n    echo \"error: The sandbox is not in sync with the Podfile.lock. Run 'pod install' or update your CocoaPods installation.\" >&2\n    exit 1\nfi\n# This output is used by Xcode 'outputs' to avoid re-running this script phase.\necho \"SUCCESS\" > \"${SCRIPT_OUTPUT_FILE_0}\"\n";
			showEnvVarsInLog = 0;
		};
		C8708CBB28780E280003F378 /* Lint Script */ = {
			isa = PBXShellScriptBuildPhase;
			buildActionMask = 2147483647;
			files = (
			);
			inputFileListPaths = (
			);
			inputPaths = (
			);
			name = "Lint Script";
			outputFileListPaths = (
			);
			outputPaths = (
			);
			runOnlyForDeploymentPostprocessing = 0;
			shellPath = /bin/sh;
			shellScript = "# Type a script or drag a script file from your workspace to insert its path.\n\"${PODS_ROOT}/SwiftLint/swiftlint\"\n";
		};
/* End PBXShellScriptBuildPhase section */

/* Begin PBXSourcesBuildPhase section */
		C864A7EB28756FA6002DCBAE /* Sources */ = {
			isa = PBXSourcesBuildPhase;
			buildActionMask = 2147483647;
			files = (
				C864A80A2875725C002DCBAE /* SearchViewController.swift in Sources */,
				C8C956B32877FCCD004B513D /* Model.swift in Sources */,
				C864A80C28757276002DCBAE /* TableViewController.swift in Sources */,
				C864A7F328756FA6002DCBAE /* AppDelegate.swift in Sources */,
				C864A7F528756FA6002DCBAE /* SceneDelegate.swift in Sources */,
				C8C956BB2877FE8D004B513D /* MoviesTableViewCell.swift in Sources */,
				C864A7FD28756FA6002DCBAE /* NaverAPI.xcdatamodeld in Sources */,
			);
			runOnlyForDeploymentPostprocessing = 0;
		};
/* End PBXSourcesBuildPhase section */

/* Begin PBXVariantGroup section */
		C864A80028756FA7002DCBAE /* LaunchScreen.storyboard */ = {
			isa = PBXVariantGroup;
			children = (
				C864A80128756FA7002DCBAE /* Base */,
			);
			name = LaunchScreen.storyboard;
			sourceTree = "<group>";
		};
/* End PBXVariantGroup section */

/* Begin XCBuildConfiguration section */
		C864A80428756FA7002DCBAE /* Debug */ = {
			isa = XCBuildConfiguration;
			buildSettings = {
				ALWAYS_SEARCH_USER_PATHS = NO;
				CLANG_ANALYZER_NONNULL = YES;
				CLANG_ANALYZER_NUMBER_OBJECT_CONVERSION = YES_AGGRESSIVE;
				CLANG_CXX_LANGUAGE_STANDARD = "gnu++17";
				CLANG_CXX_LIBRARY = "libc++";
				CLANG_ENABLE_MODULES = YES;
				CLANG_ENABLE_OBJC_ARC = YES;
				CLANG_ENABLE_OBJC_WEAK = YES;
				CLANG_WARN_BLOCK_CAPTURE_AUTORELEASING = YES;
				CLANG_WARN_BOOL_CONVERSION = YES;
				CLANG_WARN_COMMA = YES;
				CLANG_WARN_CONSTANT_CONVERSION = YES;
				CLANG_WARN_DEPRECATED_OBJC_IMPLEMENTATIONS = YES;
				CLANG_WARN_DIRECT_OBJC_ISA_USAGE = YES_ERROR;
				CLANG_WARN_DOCUMENTATION_COMMENTS = YES;
				CLANG_WARN_EMPTY_BODY = YES;
				CLANG_WARN_ENUM_CONVERSION = YES;
				CLANG_WARN_INFINITE_RECURSION = YES;
				CLANG_WARN_INT_CONVERSION = YES;
				CLANG_WARN_NON_LITERAL_NULL_CONVERSION = YES;
				CLANG_WARN_OBJC_IMPLICIT_RETAIN_SELF = YES;
				CLANG_WARN_OBJC_LITERAL_CONVERSION = YES;
				CLANG_WARN_OBJC_ROOT_CLASS = YES_ERROR;
				CLANG_WARN_QUOTED_INCLUDE_IN_FRAMEWORK_HEADER = YES;
				CLANG_WARN_RANGE_LOOP_ANALYSIS = YES;
				CLANG_WARN_STRICT_PROTOTYPES = YES;
				CLANG_WARN_SUSPICIOUS_MOVE = YES;
				CLANG_WARN_UNGUARDED_AVAILABILITY = YES_AGGRESSIVE;
				CLANG_WARN_UNREACHABLE_CODE = YES;
				CLANG_WARN__DUPLICATE_METHOD_MATCH = YES;
				COPY_PHASE_STRIP = NO;
				DEBUG_INFORMATION_FORMAT = dwarf;
				ENABLE_STRICT_OBJC_MSGSEND = YES;
				ENABLE_TESTABILITY = YES;
				GCC_C_LANGUAGE_STANDARD = gnu11;
				GCC_DYNAMIC_NO_PIC = NO;
				GCC_NO_COMMON_BLOCKS = YES;
				GCC_OPTIMIZATION_LEVEL = 0;
				GCC_PREPROCESSOR_DEFINITIONS = (
					"DEBUG=1",
					"$(inherited)",
				);
				GCC_WARN_64_TO_32_BIT_CONVERSION = YES;
				GCC_WARN_ABOUT_RETURN_TYPE = YES_ERROR;
				GCC_WARN_UNDECLARED_SELECTOR = YES;
				GCC_WARN_UNINITIALIZED_AUTOS = YES_AGGRESSIVE;
				GCC_WARN_UNUSED_FUNCTION = YES;
				GCC_WARN_UNUSED_VARIABLE = YES;
				IPHONEOS_DEPLOYMENT_TARGET = 15.0;
				MTL_ENABLE_DEBUG_INFO = INCLUDE_SOURCE;
				MTL_FAST_MATH = YES;
				ONLY_ACTIVE_ARCH = YES;
				SDKROOT = iphoneos;
				SWIFT_ACTIVE_COMPILATION_CONDITIONS = DEBUG;
				SWIFT_OPTIMIZATION_LEVEL = "-Onone";
			};
			name = Debug;
		};
		C864A80528756FA7002DCBAE /* Release */ = {
			isa = XCBuildConfiguration;
			buildSettings = {
				ALWAYS_SEARCH_USER_PATHS = NO;
				CLANG_ANALYZER_NONNULL = YES;
				CLANG_ANALYZER_NUMBER_OBJECT_CONVERSION = YES_AGGRESSIVE;
				CLANG_CXX_LANGUAGE_STANDARD = "gnu++17";
				CLANG_CXX_LIBRARY = "libc++";
				CLANG_ENABLE_MODULES = YES;
				CLANG_ENABLE_OBJC_ARC = YES;
				CLANG_ENABLE_OBJC_WEAK = YES;
				CLANG_WARN_BLOCK_CAPTURE_AUTORELEASING = YES;
				CLANG_WARN_BOOL_CONVERSION = YES;
				CLANG_WARN_COMMA = YES;
				CLANG_WARN_CONSTANT_CONVERSION = YES;
				CLANG_WARN_DEPRECATED_OBJC_IMPLEMENTATIONS = YES;
				CLANG_WARN_DIRECT_OBJC_ISA_USAGE = YES_ERROR;
				CLANG_WARN_DOCUMENTATION_COMMENTS = YES;
				CLANG_WARN_EMPTY_BODY = YES;
				CLANG_WARN_ENUM_CONVERSION = YES;
				CLANG_WARN_INFINITE_RECURSION = YES;
				CLANG_WARN_INT_CONVERSION = YES;
				CLANG_WARN_NON_LITERAL_NULL_CONVERSION = YES;
				CLANG_WARN_OBJC_IMPLICIT_RETAIN_SELF = YES;
				CLANG_WARN_OBJC_LITERAL_CONVERSION = YES;
				CLANG_WARN_OBJC_ROOT_CLASS = YES_ERROR;
				CLANG_WARN_QUOTED_INCLUDE_IN_FRAMEWORK_HEADER = YES;
				CLANG_WARN_RANGE_LOOP_ANALYSIS = YES;
				CLANG_WARN_STRICT_PROTOTYPES = YES;
				CLANG_WARN_SUSPICIOUS_MOVE = YES;
				CLANG_WARN_UNGUARDED_AVAILABILITY = YES_AGGRESSIVE;
				CLANG_WARN_UNREACHABLE_CODE = YES;
				CLANG_WARN__DUPLICATE_METHOD_MATCH = YES;
				COPY_PHASE_STRIP = NO;
				DEBUG_INFORMATION_FORMAT = "dwarf-with-dsym";
				ENABLE_NS_ASSERTIONS = NO;
				ENABLE_STRICT_OBJC_MSGSEND = YES;
				GCC_C_LANGUAGE_STANDARD = gnu11;
				GCC_NO_COMMON_BLOCKS = YES;
				GCC_WARN_64_TO_32_BIT_CONVERSION = YES;
				GCC_WARN_ABOUT_RETURN_TYPE = YES_ERROR;
				GCC_WARN_UNDECLARED_SELECTOR = YES;
				GCC_WARN_UNINITIALIZED_AUTOS = YES_AGGRESSIVE;
				GCC_WARN_UNUSED_FUNCTION = YES;
				GCC_WARN_UNUSED_VARIABLE = YES;
				IPHONEOS_DEPLOYMENT_TARGET = 15.0;
				MTL_ENABLE_DEBUG_INFO = NO;
				MTL_FAST_MATH = YES;
				SDKROOT = iphoneos;
				SWIFT_COMPILATION_MODE = wholemodule;
				SWIFT_OPTIMIZATION_LEVEL = "-O";
				VALIDATE_PRODUCT = YES;
			};
			name = Release;
		};
		C864A80728756FA7002DCBAE /* Debug */ = {
			isa = XCBuildConfiguration;
			baseConfigurationReference = C824F28744926572C1AA408B /* Pods-NaverAPI.debug.xcconfig */;
			buildSettings = {
				ASSETCATALOG_COMPILER_APPICON_NAME = AppIcon;
				ASSETCATALOG_COMPILER_GLOBAL_ACCENT_COLOR_NAME = AccentColor;
				CODE_SIGN_STYLE = Automatic;
				CURRENT_PROJECT_VERSION = 1;
				DEVELOPMENT_TEAM = GX3EM6S66G;
				GENERATE_INFOPLIST_FILE = YES;
				INFOPLIST_FILE = NaverAPI/Info.plist;
				INFOPLIST_KEY_UIApplicationSupportsIndirectInputEvents = YES;
				INFOPLIST_KEY_UILaunchStoryboardName = LaunchScreen;
				INFOPLIST_KEY_UISupportedInterfaceOrientations_iPad = "UIInterfaceOrientationPortrait UIInterfaceOrientationPortraitUpsideDown UIInterfaceOrientationLandscapeLeft UIInterfaceOrientationLandscapeRight";
				INFOPLIST_KEY_UISupportedInterfaceOrientations_iPhone = "UIInterfaceOrientationPortrait UIInterfaceOrientationLandscapeLeft UIInterfaceOrientationLandscapeRight";
				LD_RUNPATH_SEARCH_PATHS = (
					"$(inherited)",
					"@executable_path/Frameworks",
				);
				MARKETING_VERSION = 1.0;
				PRODUCT_BUNDLE_IDENTIFIER = com.koreainvest.NaverAPI;
				PRODUCT_NAME = "$(TARGET_NAME)";
				SWIFT_EMIT_LOC_STRINGS = YES;
				SWIFT_VERSION = 5.0;
				TARGETED_DEVICE_FAMILY = "1,2";
			};
			name = Debug;
		};
		C864A80828756FA7002DCBAE /* Release */ = {
			isa = XCBuildConfiguration;
			baseConfigurationReference = 50A13C38A270A61A837C9EE3 /* Pods-NaverAPI.release.xcconfig */;
			buildSettings = {
				ASSETCATALOG_COMPILER_APPICON_NAME = AppIcon;
				ASSETCATALOG_COMPILER_GLOBAL_ACCENT_COLOR_NAME = AccentColor;
				CODE_SIGN_STYLE = Automatic;
				CURRENT_PROJECT_VERSION = 1;
				DEVELOPMENT_TEAM = GX3EM6S66G;
				GENERATE_INFOPLIST_FILE = YES;
				INFOPLIST_FILE = NaverAPI/Info.plist;
				INFOPLIST_KEY_UIApplicationSupportsIndirectInputEvents = YES;
				INFOPLIST_KEY_UILaunchStoryboardName = LaunchScreen;
				INFOPLIST_KEY_UISupportedInterfaceOrientations_iPad = "UIInterfaceOrientationPortrait UIInterfaceOrientationPortraitUpsideDown UIInterfaceOrientationLandscapeLeft UIInterfaceOrientationLandscapeRight";
				INFOPLIST_KEY_UISupportedInterfaceOrientations_iPhone = "UIInterfaceOrientationPortrait UIInterfaceOrientationLandscapeLeft UIInterfaceOrientationLandscapeRight";
				LD_RUNPATH_SEARCH_PATHS = (
					"$(inherited)",
					"@executable_path/Frameworks",
				);
				MARKETING_VERSION = 1.0;
				PRODUCT_BUNDLE_IDENTIFIER = com.koreainvest.NaverAPI;
				PRODUCT_NAME = "$(TARGET_NAME)";
				SWIFT_EMIT_LOC_STRINGS = YES;
				SWIFT_VERSION = 5.0;
				TARGETED_DEVICE_FAMILY = "1,2";
			};
			name = Release;
		};
/* End XCBuildConfiguration section */

/* Begin XCConfigurationList section */
		C864A7EA28756FA6002DCBAE /* Build configuration list for PBXProject "NaverAPI" */ = {
			isa = XCConfigurationList;
			buildConfigurations = (
				C864A80428756FA7002DCBAE /* Debug */,
				C864A80528756FA7002DCBAE /* Release */,
			);
			defaultConfigurationIsVisible = 0;
			defaultConfigurationName = Release;
		};
		C864A80628756FA7002DCBAE /* Build configuration list for PBXNativeTarget "NaverAPI" */ = {
			isa = XCConfigurationList;
			buildConfigurations = (
				C864A80728756FA7002DCBAE /* Debug */,
				C864A80828756FA7002DCBAE /* Release */,
			);
			defaultConfigurationIsVisible = 0;
			defaultConfigurationName = Release;
		};
/* End XCConfigurationList section */

/* Begin XCVersionGroup section */
		C864A7FB28756FA6002DCBAE /* NaverAPI.xcdatamodeld */ = {
			isa = XCVersionGroup;
			children = (
				C864A7FC28756FA6002DCBAE /* NaverAPI.xcdatamodel */,
			);
			currentVersion = C864A7FC28756FA6002DCBAE /* NaverAPI.xcdatamodel */;
			path = NaverAPI.xcdatamodeld;
			sourceTree = "<group>";
			versionGroupType = wrapper.xcdatamodel;
		};
/* End XCVersionGroup section */
	};
	rootObject = C864A7E728756FA6002DCBAE /* Project object */;
}
